
Microsoft Visual Studio Solution File, Format Version 12.00
# Visual Studio Version 17
VisualStudioVersion = 17.5.002.0
MinimumVisualStudioVersion = 10.0.40219.1
Project("{9A19103F-16F7-4668-BE54-9A1E7A4F7556}") = "Pierre", "Pierre\Pierre.csproj", "{CBB0D450-D537-44C6-B170-141EEA9B9454}"
EndProject
Global
	GlobalSection(SolutionConfigurationPlatforms) = preSolution
		Debug|Any CPU = Debug|Any CPU
		Release|Any CPU = Release|Any CPU
	EndGlobalSection
	GlobalSection(ProjectConfigurationPlatforms) = postSolution
		{CBB0D450-D537-44C6-B170-141EEA9B9454}.Debug|Any CPU.ActiveCfg = Debug|Any CPU
		{CBB0D450-D537-44C6-B170-141EEA9B9454}.Debug|Any CPU.Build.0 = Debug|Any CPU
		{CBB0D450-D537-44C6-B170-141EEA9B9454}.Release|Any CPU.ActiveCfg = Release|Any CPU
		{CBB0D450-D537-44C6-B170-141EEA9B9454}.Release|Any CPU.Build.0 = Release|Any CPU
	EndGlobalSection
	GlobalSection(SolutionProperties) = preSolution
		HideSolutionNode = FALSE
	EndGlobalSection
	GlobalSection(ExtensibilityGlobals) = postSolution
		SolutionGuid = {92F34D12-571C-4FDF-87A4-52D6C5063EC4}
	EndGlobalSection
EndGlobal
